
Microsoft Visual Studio Solution File, Format Version 12.00
# Visual Studio Version 16
VisualStudioVersion = 16.0.31911.196
MinimumVisualStudioVersion = 10.0.40219.1
Project("{8BC9CEB8-8B4A-11D0-8D11-00A0C91BC942}") = "ReadWrite2.0", "ReadWrite2.0.vcxproj", "{A262C383-BB67-4B92-8CA7-CE6E95DF2C9B}"
EndProject
Project("{8BC9CEB8-8B4A-11D0-8D11-00A0C91BC942}") = "DriverLoader", "..\DriverLoader\DriverLoader.vcxproj", "{1880E56A-A66E-4CB9-81D6-9445F203C3E7}"
EndProject
Project("{8BC9CEB8-8B4A-11D0-8D11-00A0C91BC942}") = "Dll1", "..\Dll1\Dll1.vcxproj", "{028D5E19-B3B0-4A16-9F91-CC61F46425CA}"
	ProjectSection(ProjectDependencies) = postProject
		{785BAA40-99C8-491E-B95B-A7EA0A8ABC78} = {785BAA40-99C8-491E-B95B-A7EA0A8ABC78}
	EndProjectSection
EndProject
Project("{8BC9CEB8-8B4A-11D0-8D11-00A0C91BC942}") = "dwmhook", "..\dwmhook\dwmhook\dwmhook.vcxproj", "{BF574599-3CE2-4360-B229-D747272D45CF}"
EndProject
Project("{8BC9CEB8-8B4A-11D0-8D11-00A0C91BC942}") = "DWMInjector", "..\DWMInjector\DWMInjector.vcxproj", "{5CF13D48-5C42-4D33-9D68-36DE8D6AE439}"
EndProject
Project("{8BC9CEB8-8B4A-11D0-8D11-00A0C91BC942}") = "DIA2Dump", "..\DIA2Dump\DIA2Dump.vcxproj", "{785BAA40-99C8-491E-B95B-A7EA0A8ABC78}"
EndProject
Project("{8BC9CEB8-8B4A-11D0-8D11-00A0C91BC942}") = "dwmhook_dx10", "..\dwmhookdx10\dwmhook_dx10\dwmhook_dx10.vcxproj", "{DEF59FB3-6041-4B40-B5F6-B523F4E099B4}"
EndProject
Global
	GlobalSection(SolutionConfigurationPlatforms) = preSolution
		Debug|ARM = Debug|ARM
		Debug|ARM64 = Debug|ARM64
		Debug|x64 = Debug|x64
		Debug|x86 = Debug|x86
		Release|ARM = Release|ARM
		Release|ARM64 = Release|ARM64
		Release|x64 = Release|x64
		Release|x86 = Release|x86
	EndGlobalSection
	GlobalSection(ProjectConfigurationPlatforms) = postSolution
		{A262C383-BB67-4B92-8CA7-CE6E95DF2C9B}.Debug|ARM.ActiveCfg = Debug|ARM
		{A262C383-BB67-4B92-8CA7-CE6E95DF2C9B}.Debug|ARM.Build.0 = Debug|ARM
		{A262C383-BB67-4B92-8CA7-CE6E95DF2C9B}.Debug|ARM.Deploy.0 = Debug|ARM
		{A262C383-BB67-4B92-8CA7-CE6E95DF2C9B}.Debug|ARM64.ActiveCfg = Debug|ARM64
		{A262C383-BB67-4B92-8CA7-CE6E95DF2C9B}.Debug|ARM64.Build.0 = Debug|ARM64
		{A262C383-BB67-4B92-8CA7-CE6E95DF2C9B}.Debug|ARM64.Deploy.0 = Debug|ARM64
		{A262C383-BB67-4B92-8CA7-CE6E95DF2C9B}.Debug|x64.ActiveCfg = Debug|x64
		{A262C383-BB67-4B92-8CA7-CE6E95DF2C9B}.Debug|x64.Build.0 = Debug|x64
		{A262C383-BB67-4B92-8CA7-CE6E95DF2C9B}.Debug|x64.Deploy.0 = Debug|x64
		{A262C383-BB67-4B92-8CA7-CE6E95DF2C9B}.Debug|x86.ActiveCfg = Debug|x64
		{A262C383-BB67-4B92-8CA7-CE6E95DF2C9B}.Debug|x86.Build.0 = Debug|x64
		{A262C383-BB67-4B92-8CA7-CE6E95DF2C9B}.Debug|x86.Deploy.0 = Debug|x64
		{A262C383-BB67-4B92-8CA7-CE6E95DF2C9B}.Release|ARM.ActiveCfg = Debug|x64
		{A262C383-BB67-4B92-8CA7-CE6E95DF2C9B}.Release|ARM.Build.0 = Debug|x64
		{A262C383-BB67-4B92-8CA7-CE6E95DF2C9B}.Release|ARM.Deploy.0 = Debug|x64
		{A262C383-BB67-4B92-8CA7-CE6E95DF2C9B}.Release|ARM64.ActiveCfg = Release|ARM64
		{A262C383-BB67-4B92-8CA7-CE6E95DF2C9B}.Release|ARM64.Build.0 = Release|ARM64
		{A262C383-BB67-4B92-8CA7-CE6E95DF2C9B}.Release|ARM64.Deploy.0 = Release|ARM64
		{A262C383-BB67-4B92-8CA7-CE6E95DF2C9B}.Release|x64.ActiveCfg = Release|x64
		{A262C383-BB67-4B92-8CA7-CE6E95DF2C9B}.Release|x64.Build.0 = Release|x64
		{A262C383-BB67-4B92-8CA7-CE6E95DF2C9B}.Release|x64.Deploy.0 = Release|x64
		{A262C383-BB67-4B92-8CA7-CE6E95DF2C9B}.Release|x86.ActiveCfg = Release|x64
		{A262C383-BB67-4B92-8CA7-CE6E95DF2C9B}.Release|x86.Build.0 = Release|x64
		{A262C383-BB67-4B92-8CA7-CE6E95DF2C9B}.Release|x86.Deploy.0 = Release|x64
		{1880E56A-A66E-4CB9-81D6-9445F203C3E7}.Debug|ARM.ActiveCfg = Debug|ARM
		{1880E56A-A66E-4CB9-81D6-9445F203C3E7}.Debug|ARM.Build.0 = Debug|ARM
		{1880E56A-A66E-4CB9-81D6-9445F203C3E7}.Debug|ARM.Deploy.0 = Debug|ARM
		{1880E56A-A66E-4CB9-81D6-9445F203C3E7}.Debug|ARM64.ActiveCfg = Debug|ARM64
		{1880E56A-A66E-4CB9-81D6-9445F203C3E7}.Debug|ARM64.Build.0 = Debug|ARM64
		{1880E56A-A66E-4CB9-81D6-9445F203C3E7}.Debug|ARM64.Deploy.0 = Debug|ARM64
		{1880E56A-A66E-4CB9-81D6-9445F203C3E7}.Debug|x64.ActiveCfg = Debug|x64
		{1880E56A-A66E-4CB9-81D6-9445F203C3E7}.Debug|x64.Build.0 = Debug|x64
		{1880E56A-A66E-4CB9-81D6-9445F203C3E7}.Debug|x64.Deploy.0 = Debug|x64
		{1880E56A-A66E-4CB9-81D6-9445F203C3E7}.Debug|x86.ActiveCfg = Debug|x64
		{1880E56A-A66E-4CB9-81D6-9445F203C3E7}.Debug|x86.Build.0 = Debug|x64
		{1880E56A-A66E-4CB9-81D6-9445F203C3E7}.Debug|x86.Deploy.0 = Debug|x64
		{1880E56A-A66E-4CB9-81D6-9445F203C3E7}.Release|ARM.ActiveCfg = Release|x64
		{1880E56A-A66E-4CB9-81D6-9445F203C3E7}.Release|ARM.Build.0 = Release|x64
		{1880E56A-A66E-4CB9-81D6-9445F203C3E7}.Release|ARM.Deploy.0 = Release|x64
		{1880E56A-A66E-4CB9-81D6-9445F203C3E7}.Release|ARM64.ActiveCfg = Release|ARM64
		{1880E56A-A66E-4CB9-81D6-9445F203C3E7}.Release|ARM64.Build.0 = Release|ARM64
		{1880E56A-A66E-4CB9-81D6-9445F203C3E7}.Release|ARM64.Deploy.0 = Release|ARM64
		{1880E56A-A66E-4CB9-81D6-9445F203C3E7}.Release|x64.ActiveCfg = Release|x64
		{1880E56A-A66E-4CB9-81D6-9445F203C3E7}.Release|x64.Build.0 = Release|x64
		{1880E56A-A66E-4CB9-81D6-9445F203C3E7}.Release|x64.Deploy.0 = Release|x64
		{1880E56A-A66E-4CB9-81D6-9445F203C3E7}.Release|x86.ActiveCfg = Release|x64
		{1880E56A-A66E-4CB9-81D6-9445F203C3E7}.Release|x86.Build.0 = Release|x64
		{1880E56A-A66E-4CB9-81D6-9445F203C3E7}.Release|x86.Deploy.0 = Release|x64
		{028D5E19-B3B0-4A16-9F91-CC61F46425CA}.Debug|ARM.ActiveCfg = Debug|Win32
		{028D5E19-B3B0-4A16-9F91-CC61F46425CA}.Debug|ARM64.ActiveCfg = Debug|Win32
		{028D5E19-B3B0-4A16-9F91-CC61F46425CA}.Debug|x64.ActiveCfg = Debug|x64
		{028D5E19-B3B0-4A16-9F91-CC61F46425CA}.Debug|x64.Build.0 = Debug|x64
		{028D5E19-B3B0-4A16-9F91-CC61F46425CA}.Debug|x86.ActiveCfg = Debug|x64
		{028D5E19-B3B0-4A16-9F91-CC61F46425CA}.Debug|x86.Build.0 = Debug|x64
		{028D5E19-B3B0-4A16-9F91-CC61F46425CA}.Release|ARM.ActiveCfg = Debug|x64
		{028D5E19-B3B0-4A16-9F91-CC61F46425CA}.Release|ARM64.ActiveCfg = Release|Win32
		{028D5E19-B3B0-4A16-9F91-CC61F46425CA}.Release|x64.ActiveCfg = Release|x64
		{028D5E19-B3B0-4A16-9F91-CC61F46425CA}.Release|x64.Build.0 = Release|x64
		{028D5E19-B3B0-4A16-9F91-CC61F46425CA}.Release|x86.ActiveCfg = Release|Win32
		{028D5E19-B3B0-4A16-9F91-CC61F46425CA}.Release|x86.Build.0 = Release|Win32
		{BF574599-3CE2-4360-B229-D747272D45CF}.Debug|ARM.ActiveCfg = Debug|x64
		{BF574599-3CE2-4360-B229-D747272D45CF}.Debug|ARM64.ActiveCfg = Debug|x64
		{BF574599-3CE2-4360-B229-D747272D45CF}.Debug|x64.ActiveCfg = Debug|x64
		{BF574599-3CE2-4360-B229-D747272D45CF}.Debug|x64.Build.0 = Debug|x64
		{BF574599-3CE2-4360-B229-D747272D45CF}.Debug|x86.ActiveCfg = Debug|x64
		{BF574599-3CE2-4360-B229-D747272D45CF}.Release|ARM.ActiveCfg = Release|x64
		{BF574599-3CE2-4360-B229-D747272D45CF}.Release|ARM64.ActiveCfg = Release|x64
		{BF574599-3CE2-4360-B229-D747272D45CF}.Release|x64.ActiveCfg = Release|x64
		{BF574599-3CE2-4360-B229-D747272D45CF}.Release|x64.Build.0 = Release|x64
		{BF574599-3CE2-4360-B229-D747272D45CF}.Release|x86.ActiveCfg = Release|x64
		{5CF13D48-5C42-4D33-9D68-36DE8D6AE439}.Debug|ARM.ActiveCfg = Debug|Win32
		{5CF13D48-5C42-4D33-9D68-36DE8D6AE439}.Debug|ARM64.ActiveCfg = Debug|Win32
		{5CF13D48-5C42-4D33-9D68-36DE8D6AE439}.Debug|x64.ActiveCfg = Debug|x64
		{5CF13D48-5C42-4D33-9D68-36DE8D6AE439}.Debug|x64.Build.0 = Debug|x64
		{5CF13D48-5C42-4D33-9D68-36DE8D6AE439}.Debug|x86.ActiveCfg = Debug|Win32
		{5CF13D48-5C42-4D33-9D68-36DE8D6AE439}.Debug|x86.Build.0 = Debug|Win32
		{5CF13D48-5C42-4D33-9D68-36DE8D6AE439}.Release|ARM.ActiveCfg = Release|Win32
		{5CF13D48-5C42-4D33-9D68-36DE8D6AE439}.Release|ARM64.ActiveCfg = Release|Win32
		{5CF13D48-5C42-4D33-9D68-36DE8D6AE439}.Release|x64.ActiveCfg = Release|x64
		{5CF13D48-5C42-4D33-9D68-36DE8D6AE439}.Release|x64.Build.0 = Release|x64
		{5CF13D48-5C42-4D33-9D68-36DE8D6AE439}.Release|x86.ActiveCfg = Release|x64
		{5CF13D48-5C42-4D33-9D68-36DE8D6AE439}.Release|x86.Build.0 = Release|x64
		{785BAA40-99C8-491E-B95B-A7EA0A8ABC78}.Debug|ARM.ActiveCfg = Debug|Win32
		{785BAA40-99C8-491E-B95B-A7EA0A8ABC78}.Debug|ARM64.ActiveCfg = Debug|Win32
		{785BAA40-99C8-491E-B95B-A7EA0A8ABC78}.Debug|x64.ActiveCfg = Debug|x64
		{785BAA40-99C8-491E-B95B-A7EA0A8ABC78}.Debug|x64.Build.0 = Debug|x64
		{785BAA40-99C8-491E-B95B-A7EA0A8ABC78}.Debug|x86.ActiveCfg = Debug|Win32
		{785BAA40-99C8-491E-B95B-A7EA0A8ABC78}.Debug|x86.Build.0 = Debug|Win32
		{785BAA40-99C8-491E-B95B-A7EA0A8ABC78}.Release|ARM.ActiveCfg = Release|Win32
		{785BAA40-99C8-491E-B95B-A7EA0A8ABC78}.Release|ARM64.ActiveCfg = Release|Win32
		{785BAA40-99C8-491E-B95B-A7EA0A8ABC78}.Release|x64.ActiveCfg = Release|x64
		{785BAA40-99C8-491E-B95B-A7EA0A8ABC78}.Release|x64.Build.0 = Release|x64
		{785BAA40-99C8-491E-B95B-A7EA0A8ABC78}.Release|x86.ActiveCfg = Release|Win32
		{785BAA40-99C8-491E-B95B-A7EA0A8ABC78}.Release|x86.Build.0 = Release|Win32
		{DEF59FB3-6041-4B40-B5F6-B523F4E099B4}.Debug|ARM.ActiveCfg = Debug|x64
		{DEF59FB3-6041-4B40-B5F6-B523F4E099B4}.Debug|ARM64.ActiveCfg = Debug|x64
		{DEF59FB3-6041-4B40-B5F6-B523F4E099B4}.Debug|x64.ActiveCfg = Debug|x64
		{DEF59FB3-6041-4B40-B5F6-B523F4E099B4}.Debug|x64.Build.0 = Debug|x64
		{DEF59FB3-6041-4B40-B5F6-B523F4E099B4}.Debug|x86.ActiveCfg = Debug|x64
		{DEF59FB3-6041-4B40-B5F6-B523F4E099B4}.Release|ARM.ActiveCfg = Release|x64
		{DEF59FB3-6041-4B40-B5F6-B523F4E099B4}.Release|ARM64.ActiveCfg = Release|x64
		{DEF59FB3-6041-4B40-B5F6-B523F4E099B4}.Release|x64.ActiveCfg = Release|x64
		{DEF59FB3-6041-4B40-B5F6-B523F4E099B4}.Release|x64.Build.0 = Release|x64
		{DEF59FB3-6041-4B40-B5F6-B523F4E099B4}.Release|x86.ActiveCfg = Release|x64
	EndGlobalSection
	GlobalSection(SolutionProperties) = preSolution
		HideSolutionNode = FALSE
	EndGlobalSection
	GlobalSection(ExtensibilityGlobals) = postSolution
		SolutionGuid = {8647AC31-1FF4-4D66-99FE-CA3BD2191FDE}
	EndGlobalSection
EndGlobal
